
Microsoft Visual Studio Solution File, Format Version 12.00
# Visual Studio Version 16
VisualStudioVersion = 16.0.29911.84
MinimumVisualStudioVersion = 10.0.40219.1
Project("{FAE04EC0-301F-11D3-BF4B-00C04F79EFBC}") = "sdeploy", "sdeploy.csproj", "{D0CE97D2-6F89-4192-BDC0-8E00A0B29BCB}"
EndProject
Global
	GlobalSection(SolutionConfigurationPlatforms) = preSolution
		Debug|Any CPU = Debug|Any CPU
		Release|Any CPU = Release|Any CPU
	EndGlobalSection
	GlobalSection(ProjectConfigurationPlatforms) = postSolution
		{D0CE97D2-6F89-4192-BDC0-8E00A0B29BCB}.Debug|Any CPU.ActiveCfg = Debug|Any CPU
		{D0CE97D2-6F89-4192-BDC0-8E00A0B29BCB}.Debug|Any CPU.Build.0 = Debug|Any CPU
		{D0CE97D2-6F89-4192-BDC0-8E00A0B29BCB}.Release|Any CPU.ActiveCfg = Release|Any CPU
		{D0CE97D2-6F89-4192-BDC0-8E00A0B29BCB}.Release|Any CPU.Build.0 = Release|Any CPU
	EndGlobalSection
	GlobalSection(SolutionProperties) = preSolution
		HideSolutionNode = FALSE
	EndGlobalSection
	GlobalSection(ExtensibilityGlobals) = postSolution
		SolutionGuid = {DB91BA10-BD9F-4AB3-867E-717D78CA7E02}
	EndGlobalSection
EndGlobal
